
Microsoft Visual Studio Solution File, Format Version 12.00
# Visual Studio Version 17
VisualStudioVersion = 17.0.32126.317
MinimumVisualStudioVersion = 10.0.40219.1
Project("{9A19103F-16F7-4668-BE54-9A1E7A4F7556}") = "KampInto1", "KampInto1\KampInto1.csproj", "{91CAF8E8-D5A9-4BE2-A08F-CEBC5CD2616F}"
EndProject
Project("{9A19103F-16F7-4668-BE54-9A1E7A4F7556}") = "ValueAndReferenceTypes", "ValueAndReferenceTypes\ValueAndReferenceTypes.csproj", "{3CFC985A-720E-421E-8449-C1C825FF6324}"
EndProject
Project("{9A19103F-16F7-4668-BE54-9A1E7A4F7556}") = "Loops", "Loops\Loops.csproj", "{7B89EF8A-26A4-4B4A-9745-EAA86FD6DAAB}"
EndProject
Project("{9A19103F-16F7-4668-BE54-9A1E7A4F7556}") = "ValueAndReferenceTypes2", "ValueAndReferenceTypes2\ValueAndReferenceTypes2.csproj", "{8DABDF38-4AEA-4BA9-ABEE-F2BB81ECB3A8}"
EndProject
Project("{9A19103F-16F7-4668-BE54-9A1E7A4F7556}") = "RefAndOut", "RefAndOut\RefAndOut.csproj", "{898DB0AE-ABF5-4589-B924-CBA98F2D52D4}"
EndProject
Project("{9A19103F-16F7-4668-BE54-9A1E7A4F7556}") = "Maths", "Maths\Maths.csproj", "{0431DC3A-B92E-4E34-AF57-45E3AAAC0500}"
EndProject
Project("{9A19103F-16F7-4668-BE54-9A1E7A4F7556}") = "Methods", "Methods\Methods.csproj", "{972CA8FA-7907-4E81-8576-673E87D6D42C}"
EndProject
Project("{9A19103F-16F7-4668-BE54-9A1E7A4F7556}") = "MethodOverloading", "MethodOverloading\MethodOverloading.csproj", "{9ACB43A9-33D8-467A-BA70-1063551CD9A9}"
EndProject
Project("{9A19103F-16F7-4668-BE54-9A1E7A4F7556}") = "Collections", "Collections\Collections.csproj", "{57E17026-4A27-43A2-991E-65DC907EBD7D}"
EndProject
Project("{9A19103F-16F7-4668-BE54-9A1E7A4F7556}") = "GenericsIntro", "GenericsIntro\GenericsIntro.csproj", "{E8043698-811C-430A-9821-B8A2E8AE0700}"
EndProject
Project("{9A19103F-16F7-4668-BE54-9A1E7A4F7556}") = "DictionaryExample", "DictionaryExample\DictionaryExample.csproj", "{B1251651-6662-4A95-9491-79533BF2735A}"
EndProject
Project("{9A19103F-16F7-4668-BE54-9A1E7A4F7556}") = "ClassIntro", "ClassIntro\ClassIntro.csproj", "{2A1EDEB3-1430-4138-B302-5ECFBD4E9661}"
EndProject
Project("{9A19103F-16F7-4668-BE54-9A1E7A4F7556}") = "ClassExample", "ClassExample\ClassExample.csproj", "{5496AE9F-FD82-4A10-963C-3170BDF05849}"
EndProject
Project("{9A19103F-16F7-4668-BE54-9A1E7A4F7556}") = "ClassDemo", "ClassDemo\ClassDemo.csproj", "{A887A609-F1CF-4BBC-B8BB-92704C21335E}"
EndProject
Project("{9A19103F-16F7-4668-BE54-9A1E7A4F7556}") = "Constructor", "Constructor\Constructor.csproj", "{620EE2C7-FE62-4C84-8124-9EF3E0DC3041}"
EndProject
Project("{9A19103F-16F7-4668-BE54-9A1E7A4F7556}") = "OOP1", "OOP1\OOP1.csproj", "{4FEEF3FD-97C0-4E4D-AA78-495FDC09EA9E}"
EndProject
Project("{FAE04EC0-301F-11D3-BF4B-00C04F79EFBC}") = "OOP2", "OOP2\OOP2.csproj", "{7BA6B2E3-E51A-49C0-8CC5-F80EE0D795BA}"
EndProject
Project("{FAE04EC0-301F-11D3-BF4B-00C04F79EFBC}") = "OOP3", "OOP3\OOP3.csproj", "{800C7972-197E-412D-AC64-AEDE46F01AA3}"
EndProject
Global
	GlobalSection(SolutionConfigurationPlatforms) = preSolution
		Debug|Any CPU = Debug|Any CPU
		Release|Any CPU = Release|Any CPU
	EndGlobalSection
	GlobalSection(ProjectConfigurationPlatforms) = postSolution
		{91CAF8E8-D5A9-4BE2-A08F-CEBC5CD2616F}.Debug|Any CPU.ActiveCfg = Debug|Any CPU
		{91CAF8E8-D5A9-4BE2-A08F-CEBC5CD2616F}.Debug|Any CPU.Build.0 = Debug|Any CPU
		{91CAF8E8-D5A9-4BE2-A08F-CEBC5CD2616F}.Release|Any CPU.ActiveCfg = Release|Any CPU
		{91CAF8E8-D5A9-4BE2-A08F-CEBC5CD2616F}.Release|Any CPU.Build.0 = Release|Any CPU
		{3CFC985A-720E-421E-8449-C1C825FF6324}.Debug|Any CPU.ActiveCfg = Debug|Any CPU
		{3CFC985A-720E-421E-8449-C1C825FF6324}.Debug|Any CPU.Build.0 = Debug|Any CPU
		{3CFC985A-720E-421E-8449-C1C825FF6324}.Release|Any CPU.ActiveCfg = Release|Any CPU
		{3CFC985A-720E-421E-8449-C1C825FF6324}.Release|Any CPU.Build.0 = Release|Any CPU
		{7B89EF8A-26A4-4B4A-9745-EAA86FD6DAAB}.Debug|Any CPU.ActiveCfg = Debug|Any CPU
		{7B89EF8A-26A4-4B4A-9745-EAA86FD6DAAB}.Debug|Any CPU.Build.0 = Debug|Any CPU
		{7B89EF8A-26A4-4B4A-9745-EAA86FD6DAAB}.Release|Any CPU.ActiveCfg = Release|Any CPU
		{7B89EF8A-26A4-4B4A-9745-EAA86FD6DAAB}.Release|Any CPU.Build.0 = Release|Any CPU
		{8DABDF38-4AEA-4BA9-ABEE-F2BB81ECB3A8}.Debug|Any CPU.ActiveCfg = Debug|Any CPU
		{8DABDF38-4AEA-4BA9-ABEE-F2BB81ECB3A8}.Debug|Any CPU.Build.0 = Debug|Any CPU
		{8DABDF38-4AEA-4BA9-ABEE-F2BB81ECB3A8}.Release|Any CPU.ActiveCfg = Release|Any CPU
		{8DABDF38-4AEA-4BA9-ABEE-F2BB81ECB3A8}.Release|Any CPU.Build.0 = Release|Any CPU
		{898DB0AE-ABF5-4589-B924-CBA98F2D52D4}.Debug|Any CPU.ActiveCfg = Debug|Any CPU
		{898DB0AE-ABF5-4589-B924-CBA98F2D52D4}.Debug|Any CPU.Build.0 = Debug|Any CPU
		{898DB0AE-ABF5-4589-B924-CBA98F2D52D4}.Release|Any CPU.ActiveCfg = Release|Any CPU
		{898DB0AE-ABF5-4589-B924-CBA98F2D52D4}.Release|Any CPU.Build.0 = Release|Any CPU
		{0431DC3A-B92E-4E34-AF57-45E3AAAC0500}.Debug|Any CPU.ActiveCfg = Debug|Any CPU
		{0431DC3A-B92E-4E34-AF57-45E3AAAC0500}.Debug|Any CPU.Build.0 = Debug|Any CPU
		{0431DC3A-B92E-4E34-AF57-45E3AAAC0500}.Release|Any CPU.ActiveCfg = Release|Any CPU
		{0431DC3A-B92E-4E34-AF57-45E3AAAC0500}.Release|Any CPU.Build.0 = Release|Any CPU
		{972CA8FA-7907-4E81-8576-673E87D6D42C}.Debug|Any CPU.ActiveCfg = Debug|Any CPU
		{972CA8FA-7907-4E81-8576-673E87D6D42C}.Debug|Any CPU.Build.0 = Debug|Any CPU
		{972CA8FA-7907-4E81-8576-673E87D6D42C}.Release|Any CPU.ActiveCfg = Release|Any CPU
		{972CA8FA-7907-4E81-8576-673E87D6D42C}.Release|Any CPU.Build.0 = Release|Any CPU
		{9ACB43A9-33D8-467A-BA70-1063551CD9A9}.Debug|Any CPU.ActiveCfg = Debug|Any CPU
		{9ACB43A9-33D8-467A-BA70-1063551CD9A9}.Debug|Any CPU.Build.0 = Debug|Any CPU
		{9ACB43A9-33D8-467A-BA70-1063551CD9A9}.Release|Any CPU.ActiveCfg = Release|Any CPU
		{9ACB43A9-33D8-467A-BA70-1063551CD9A9}.Release|Any CPU.Build.0 = Release|Any CPU
		{57E17026-4A27-43A2-991E-65DC907EBD7D}.Debug|Any CPU.ActiveCfg = Debug|Any CPU
		{57E17026-4A27-43A2-991E-65DC907EBD7D}.Debug|Any CPU.Build.0 = Debug|Any CPU
		{57E17026-4A27-43A2-991E-65DC907EBD7D}.Release|Any CPU.ActiveCfg = Release|Any CPU
		{57E17026-4A27-43A2-991E-65DC907EBD7D}.Release|Any CPU.Build.0 = Release|Any CPU
		{E8043698-811C-430A-9821-B8A2E8AE0700}.Debug|Any CPU.ActiveCfg = Debug|Any CPU
		{E8043698-811C-430A-9821-B8A2E8AE0700}.Debug|Any CPU.Build.0 = Debug|Any CPU
		{E8043698-811C-430A-9821-B8A2E8AE0700}.Release|Any CPU.ActiveCfg = Release|Any CPU
		{E8043698-811C-430A-9821-B8A2E8AE0700}.Release|Any CPU.Build.0 = Release|Any CPU
		{B1251651-6662-4A95-9491-79533BF2735A}.Debug|Any CPU.ActiveCfg = Debug|Any CPU
		{B1251651-6662-4A95-9491-79533BF2735A}.Debug|Any CPU.Build.0 = Debug|Any CPU
		{B1251651-6662-4A95-9491-79533BF2735A}.Release|Any CPU.ActiveCfg = Release|Any CPU
		{B1251651-6662-4A95-9491-79533BF2735A}.Release|Any CPU.Build.0 = Release|Any CPU
		{2A1EDEB3-1430-4138-B302-5ECFBD4E9661}.Debug|Any CPU.ActiveCfg = Debug|Any CPU
		{2A1EDEB3-1430-4138-B302-5ECFBD4E9661}.Debug|Any CPU.Build.0 = Debug|Any CPU
		{2A1EDEB3-1430-4138-B302-5ECFBD4E9661}.Release|Any CPU.ActiveCfg = Release|Any CPU
		{2A1EDEB3-1430-4138-B302-5ECFBD4E9661}.Release|Any CPU.Build.0 = Release|Any CPU
		{5496AE9F-FD82-4A10-963C-3170BDF05849}.Debug|Any CPU.ActiveCfg = Debug|Any CPU
		{5496AE9F-FD82-4A10-963C-3170BDF05849}.Debug|Any CPU.Build.0 = Debug|Any CPU
		{5496AE9F-FD82-4A10-963C-3170BDF05849}.Release|Any CPU.ActiveCfg = Release|Any CPU
		{5496AE9F-FD82-4A10-963C-3170BDF05849}.Release|Any CPU.Build.0 = Release|Any CPU
		{A887A609-F1CF-4BBC-B8BB-92704C21335E}.Debug|Any CPU.ActiveCfg = Debug|Any CPU
		{A887A609-F1CF-4BBC-B8BB-92704C21335E}.Debug|Any CPU.Build.0 = Debug|Any CPU
		{A887A609-F1CF-4BBC-B8BB-92704C21335E}.Release|Any CPU.ActiveCfg = Release|Any CPU
		{A887A609-F1CF-4BBC-B8BB-92704C21335E}.Release|Any CPU.Build.0 = Release|Any CPU
		{620EE2C7-FE62-4C84-8124-9EF3E0DC3041}.Debug|Any CPU.ActiveCfg = Debug|Any CPU
		{620EE2C7-FE62-4C84-8124-9EF3E0DC3041}.Debug|Any CPU.Build.0 = Debug|Any CPU
		{620EE2C7-FE62-4C84-8124-9EF3E0DC3041}.Release|Any CPU.ActiveCfg = Release|Any CPU
		{620EE2C7-FE62-4C84-8124-9EF3E0DC3041}.Release|Any CPU.Build.0 = Release|Any CPU
		{4FEEF3FD-97C0-4E4D-AA78-495FDC09EA9E}.Debug|Any CPU.ActiveCfg = Debug|Any CPU
		{4FEEF3FD-97C0-4E4D-AA78-495FDC09EA9E}.Debug|Any CPU.Build.0 = Debug|Any CPU
		{4FEEF3FD-97C0-4E4D-AA78-495FDC09EA9E}.Release|Any CPU.ActiveCfg = Release|Any CPU
		{4FEEF3FD-97C0-4E4D-AA78-495FDC09EA9E}.Release|Any CPU.Build.0 = Release|Any CPU
		{7BA6B2E3-E51A-49C0-8CC5-F80EE0D795BA}.Debug|Any CPU.ActiveCfg = Debug|Any CPU
		{7BA6B2E3-E51A-49C0-8CC5-F80EE0D795BA}.Debug|Any CPU.Build.0 = Debug|Any CPU
		{7BA6B2E3-E51A-49C0-8CC5-F80EE0D795BA}.Release|Any CPU.ActiveCfg = Release|Any CPU
		{7BA6B2E3-E51A-49C0-8CC5-F80EE0D795BA}.Release|Any CPU.Build.0 = Release|Any CPU
		{800C7972-197E-412D-AC64-AEDE46F01AA3}.Debug|Any CPU.ActiveCfg = Debug|Any CPU
		{800C7972-197E-412D-AC64-AEDE46F01AA3}.Debug|Any CPU.Build.0 = Debug|Any CPU
		{800C7972-197E-412D-AC64-AEDE46F01AA3}.Release|Any CPU.ActiveCfg = Release|Any CPU
		{800C7972-197E-412D-AC64-AEDE46F01AA3}.Release|Any CPU.Build.0 = Release|Any CPU
	EndGlobalSection
	GlobalSection(SolutionProperties) = preSolution
		HideSolutionNode = FALSE
	EndGlobalSection
	GlobalSection(ExtensibilityGlobals) = postSolution
		SolutionGuid = {31EF30A4-EB6A-4768-9555-0F0EBB123748}
	EndGlobalSection
EndGlobal
